Microsoft Visual Studio Solution File, Format Version 12.00
# Visual Studio 2012
Project("{FAE04EC0-301F-11D3-BF4B-00C04F79EFBC}") = "Lime", "Lime.csproj", "{FDC1711C-1865-47B4-947B-D4A37890151C}"
EndProject
Global
	GlobalSection(SolutionConfigurationPlatforms) = preSolution
	Debug|Any CPU = Debug|Any CPU
	ExportDebug|Any CPU = ExportDebug|Any CPU
	ExportRelease|Any CPU = ExportRelease|Any CPU
	EndGlobalSection
	GlobalSection(ProjectConfigurationPlatforms) = postSolution
		{FDC1711C-1865-47B4-947B-D4A37890151C}.Debug|Any CPU.ActiveCfg = Debug|Any CPU
		{FDC1711C-1865-47B4-947B-D4A37890151C}.Debug|Any CPU.Build.0 = Debug|Any CPU
		{FDC1711C-1865-47B4-947B-D4A37890151C}.ExportDebug|Any CPU.ActiveCfg = ExportDebug|Any CPU
		{FDC1711C-1865-47B4-947B-D4A37890151C}.ExportDebug|Any CPU.Build.0 = ExportDebug|Any CPU
		{FDC1711C-1865-47B4-947B-D4A37890151C}.ExportRelease|Any CPU.ActiveCfg = ExportRelease|Any CPU
		{FDC1711C-1865-47B4-947B-D4A37890151C}.ExportRelease|Any CPU.Build.0 = ExportRelease|Any CPU
	EndGlobalSection
EndGlobal
